fortio.org/assert v1.2.1 h1:48I39urpeDj65RP1KguF7akCjILNeu6vICiYMEysR7Q=
fortio.org/assert v1.2.1/go.mod h1:039mG+/iYDPO8Ibx8TrNuJCm2T2SuhwRI3uL9nHTTls=
github.com/go-telegram/bot v1.21.0 h1:Va/PbGc2vBDdv57GCUEEVV6ROlHWiC6SklJY9Hvhzps=
github.com/go-telegram/bot v1.21.0/go.mod h1:i2TRs7fXWIeaceF3z7KzsMt/he0TwkVC680mvdTFYeM=
github.com/hashicorp/go-cleanhttp v0.5.2 h1:035FKYIWjmULyFRBKPs8TBQoi0x6d9G4xc9neXJWAZQ=
github.com/hashicorp/go-cleanhttp v0.5.2/go.mod h1:kO/YDlP8L1346E6Sodw+PrpBSV4/SoxCXGY6BqNFT48=
github.com/hekmon/cunits/v2 v2.1.0 h1:k6wIjc4PlacNOHwKEMBgWV2/c8jyD4eRMs5mR1BBhI0=
github.com/hekmon/cunits/v2 v2.1.0/go.mod h1:9r1TycXYXaTmEWlAIfFV8JT+Xo59U96yUJAYHxzii2M=
github.com/hekmon/transmissionrpc/v3 v3.0.0 h1:0Fb11qE0IBh4V4GlOwHNYpqpjcYDp5GouolwrpmcUDQ=
github.com/hekmon/transmissionrpc/v3 v3.0.0/go.mod h1:38SlNhFzinVUuY87wGj3acOmRxeYZAZfrj6Re7UgCDg=
github.com/joho/godotenv v1.5.1 h1:7eLL/+HRGLY0ldzfGMeQkb7vMd0as4CfYvUVzLqw0N0=
github.com/joho/godotenv v1.5.1/go.mod h1:f4LDr5Voq0i2e/R5DDNOoa2zzDfwtkZa6DnEwAbqwq4=
github.com/scalalang2/golang-fifo v1.2.0 h1:B75sFuYrTetzKs/hFzWu897XEqV71z1TGug125LVMoU=
github.com/scalalang2/golang-fifo v1.2.0/go.mod h1:FxELKz5TUmoNSPufbs2r5ZGdZ+GGGeIG8ehiFamENN8=
